// !$*UTF8*$!
{
	archiveVersion = 1;
	classes = {
	};
	objectVersion = 56;
	objects = {

/* Begin PBXBuildFile section */
		989E00EB2991256A00420C38 /* AppDelegate.swift in Sources */ = {isa = PBXBuildFile; fileRef = 989E00EA2991256A00420C38 /* AppDelegate.swift */; };
		989E00ED2991256A00420C38 /* SceneDelegate.swift in Sources */ = {isa = PBXBuildFile; fileRef = 989E00EC2991256A00420C38 /* SceneDelegate.swift */; };
		989E00F22991256A00420C38 /* Main.storyboard in Resources */ = {isa = PBXBuildFile; fileRef = 989E00F02991256A00420C38 /* Main.storyboard */; };
		989E00F42991256B00420C38 /* Assets.xcassets in Resources */ = {isa = PBXBuildFile; fileRef = 989E00F32991256B00420C38 /* Assets.xcassets */; };
		989E00F72991256B00420C38 /* LaunchScreen.storyboard in Resources */ = {isa = PBXBuildFile; fileRef = 989E00F52991256B00420C38 /* LaunchScreen.storyboard */; };
		989E01022991256B00420C38 /* DrinkAppTests.swift in Sources */ = {isa = PBXBuildFile; fileRef = 989E01012991256B00420C38 /* DrinkAppTests.swift */; };
		989E010C2991256B00420C38 /* DrinkAppUITests.swift in Sources */ = {isa = PBXBuildFile; fileRef = 989E010B2991256B00420C38 /* DrinkAppUITests.swift */; };
		989E010E2991256B00420C38 /* DrinkAppUITestsLaunchTests.swift in Sources */ = {isa = PBXBuildFile; fileRef = 989E010D2991256B00420C38 /* DrinkAppUITestsLaunchTests.swift */; };
		989E011B29912A2200420C38 /* AlertListViewController.swift in Sources */ = {isa = PBXBuildFile; fileRef = 989E011A29912A2200420C38 /* AlertListViewController.swift */; };
		989E011E29912BD000420C38 /* AlertListCell.swift in Sources */ = {isa = PBXBuildFile; fileRef = 989E011C29912BD000420C38 /* AlertListCell.swift */; };
		989E011F29912BD000420C38 /* AlertListCell.xib in Resources */ = {isa = PBXBuildFile; fileRef = 989E011D29912BD000420C38 /* AlertListCell.xib */; };
		989E012129912F6B00420C38 /* Alert.swift in Sources */ = {isa = PBXBuildFile; fileRef = 989E012029912F6B00420C38 /* Alert.swift */; };
		989E012329913A1600420C38 /* AddAlertViewController.swift in Sources */ = {isa = PBXBuildFile; fileRef = 989E012229913A1600420C38 /* AddAlertViewController.swift */; };
/* End PBXBuildFile section */

/* Begin PBXContainerItemProxy section */
		989E00FE2991256B00420C38 /* PBXContainerItemProxy */ = {
			isa = PBXContainerItemProxy;
			containerPortal = 989E00DF2991256A00420C38 /* Project object */;
			proxyType = 1;
			remoteGlobalIDString = 989E00E62991256A00420C38;
			remoteInfo = DrinkApp;
		};
		989E01082991256B00420C38 /* PBXContainerItemProxy */ = {
			isa = PBXContainerItemProxy;
			containerPortal = 989E00DF2991256A00420C38 /* Project object */;
			proxyType = 1;
			remoteGlobalIDString = 989E00E62991256A00420C38;
			remoteInfo = DrinkApp;
		};
/* End PBXContainerItemProxy section */

/* Begin PBXFileReference section */
		989E00E72991256A00420C38 /* DrinkApp.app */ = {isa = PBXFileReference; explicitFileType = wrapper.application; includeInIndex = 0; path = DrinkApp.app; sourceTree = BUILT_PRODUCTS_DIR; };
		989E00EA2991256A00420C38 /* AppDelegate.swift */ = {isa = PBXFileReference; lastKnownFileType = sourcecode.swift; path = AppDelegate.swift; sourceTree = "<group>"; };
		989E00EC2991256A00420C38 /* SceneDelegate.swift */ = {isa = PBXFileReference; lastKnownFileType = sourcecode.swift; path = SceneDelegate.swift; sourceTree = "<group>"; };
		989E00F12991256A00420C38 /* Base */ = {isa = PBXFileReference; lastKnownFileType = file.storyboard; name = Base; path = Base.lproj/Main.storyboard; sourceTree = "<group>"; };
		989E00F32991256B00420C38 /* Assets.xcassets */ = {isa = PBXFileReference; lastKnownFileType = folder.assetcatalog; path = Assets.xcassets; sourceTree = "<group>"; };
		989E00F62991256B00420C38 /* Base */ = {isa = PBXFileReference; lastKnownFileType = file.storyboard; name = Base; path = Base.lproj/LaunchScreen.storyboard; sourceTree = "<group>"; };
		989E00F82991256B00420C38 /* Info.plist */ = {isa = PBXFileReference; lastKnownFileType = text.plist.xml; path = Info.plist; sourceTree = "<group>"; };
		989E00FD2991256B00420C38 /* DrinkAppTests.xctest */ = {isa = PBXFileReference; explicitFileType = wrapper.cfbundle; includeInIndex = 0; path = DrinkAppTests.xctest; sourceTree = BUILT_PRODUCTS_DIR; };
		989E01012991256B00420C38 /* DrinkAppTests.swift */ = {isa = PBXFileReference; lastKnownFileType = sourcecode.swift; path = DrinkAppTests.swift; sourceTree = "<group>"; };
		989E01072991256B00420C38 /* DrinkAppUITests.xctest */ = {isa = PBXFileReference; explicitFileType = wrapper.cfbundle; includeInIndex = 0; path = DrinkAppUITests.xctest; sourceTree = BUILT_PRODUCTS_DIR; };
		989E010B2991256B00420C38 /* DrinkAppUITests.swift */ = {isa = PBXFileReference; lastKnownFileType = sourcecode.swift; path = DrinkAppUITests.swift; sourceTree = "<group>"; };
		989E010D2991256B00420C38 /* DrinkAppUITestsLaunchTests.swift */ = {isa = PBXFileReference; lastKnownFileType = sourcecode.swift; path = DrinkAppUITestsLaunchTests.swift; sourceTree = "<group>"; };
		989E011A29912A2200420C38 /* AlertListViewController.swift */ = {isa = PBXFileReference; lastKnownFileType = sourcecode.swift; path = AlertListViewController.swift; sourceTree = "<group>"; };
		989E011C29912BD000420C38 /* AlertListCell.swift */ = {isa = PBXFileReference; lastKnownFileType = sourcecode.swift; path = AlertListCell.swift; sourceTree = "<group>"; };
		989E011D29912BD000420C38 /* AlertListCell.xib */ = {isa = PBXFileReference; lastKnownFileType = file.xib; path = AlertListCell.xib; sourceTree = "<group>"; };
		989E012029912F6B00420C38 /* Alert.swift */ = {isa = PBXFileReference; lastKnownFileType = sourcecode.swift; path = Alert.swift; sourceTree = "<group>"; };
		989E012229913A1600420C38 /* AddAlertViewController.swift */ = {isa = PBXFileReference; lastKnownFileType = sourcecode.swift; path = AddAlertViewController.swift; sourceTree = "<group>"; };
/* End PBXFileReference section */

/* Begin PBXFrameworksBuildPhase section */
		989E00E42991256A00420C38 /* Frameworks */ = {
			isa = PBXFrameworksBuildPhase;
			buildActionMask = 2147483647;
			files = (
			);
			runOnlyForDeploymentPostprocessing = 0;
		};
		989E00FA2991256B00420C38 /* Frameworks */ = {
			isa = PBXFrameworksBuildPhase;
			buildActionMask = 2147483647;
			files = (
			);
			runOnlyForDeploymentPostprocessing = 0;
		};
		989E01042991256B00420C38 /* Frameworks */ = {
			isa = PBXFrameworksBuildPhase;
			buildActionMask = 2147483647;
			files = (
			);
			runOnlyForDeploymentPostprocessing = 0;
		};
/* End PBXFrameworksBuildPhase section */

/* Begin PBXGroup section */
		989E00DE2991256A00420C38 = {
			isa = PBXGroup;
			children = (
				989E00E92991256A00420C38 /* DrinkApp */,
				989E01002991256B00420C38 /* DrinkAppTests */,
				989E010A2991256B00420C38 /* DrinkAppUITests */,
				989E00E82991256A00420C38 /* Products */,
			);
			sourceTree = "<group>";
		};
		989E00E82991256A00420C38 /* Products */ = {
			isa = PBXGroup;
			children = (
				989E00E72991256A00420C38 /* DrinkApp.app */,
				989E00FD2991256B00420C38 /* DrinkAppTests.xctest */,
				989E01072991256B00420C38 /* DrinkAppUITests.xctest */,
			);
			name = Products;
			sourceTree = "<group>";
		};
		989E00E92991256A00420C38 /* DrinkApp */ = {
			isa = PBXGroup;
			children = (
				989E00EA2991256A00420C38 /* AppDelegate.swift */,
				989E00EC2991256A00420C38 /* SceneDelegate.swift */,
				989E011A29912A2200420C38 /* AlertListViewController.swift */,
				989E012029912F6B00420C38 /* Alert.swift */,
				989E00F02991256A00420C38 /* Main.storyboard */,
				989E012229913A1600420C38 /* AddAlertViewController.swift */,
				989E011C29912BD000420C38 /* AlertListCell.swift */,
				989E011D29912BD000420C38 /* AlertListCell.xib */,
				989E00F32991256B00420C38 /* Assets.xcassets */,
				989E00F52991256B00420C38 /* LaunchScreen.storyboard */,
				989E00F82991256B00420C38 /* Info.plist */,
			);
			path = DrinkApp;
			sourceTree = "<group>";
		};
		989E01002991256B00420C38 /* DrinkAppTests */ = {
			isa = PBXGroup;
			children = (
				989E01012991256B00420C38 /* DrinkAppTests.swift */,
			);
			path = DrinkAppTests;
			sourceTree = "<group>";
		};
		989E010A2991256B00420C38 /* DrinkAppUITests */ = {
			isa = PBXGroup;
			children = (
				989E010B2991256B00420C38 /* DrinkAppUITests.swift */,
				989E010D2991256B00420C38 /* DrinkAppUITestsLaunchTests.swift */,
			);
			path = DrinkAppUITests;
			sourceTree = "<group>";
		};
/* End PBXGroup section */

/* Begin PBXNativeTarget section */
		989E00E62991256A00420C38 /* DrinkApp */ = {
			isa = PBXNativeTarget;
			buildConfigurationList = 989E01112991256B00420C38 /* Build configuration list for PBXNativeTarget "DrinkApp" */;
			buildPhases = (
				989E00E32991256A00420C38 /* Sources */,
				989E00E42991256A00420C38 /* Frameworks */,
				989E00E52991256A00420C38 /* Resources */,
			);
			buildRules = (
			);
			dependencies = (
			);
			name = DrinkApp;
			productName = DrinkApp;
			productReference = 989E00E72991256A00420C38 /* DrinkApp.app */;
			productType = "com.apple.product-type.application";
		};
		989E00FC2991256B00420C38 /* DrinkAppTests */ = {
			isa = PBXNativeTarget;
			buildConfigurationList = 989E01142991256B00420C38 /* Build configuration list for PBXNativeTarget "DrinkAppTests" */;
			buildPhases = (
				989E00F92991256B00420C38 /* Sources */,
				989E00FA2991256B00420C38 /* Frameworks */,
				989E00FB2991256B00420C38 /* Resources */,
			);
			buildRules = (
			);
			dependencies = (
				989E00FF2991256B00420C38 /* PBXTargetDependency */,
			);
			name = DrinkAppTests;
			productName = DrinkAppTests;
			productReference = 989E00FD2991256B00420C38 /* DrinkAppTests.xctest */;
			productType = "com.apple.product-type.bundle.unit-test";
		};
		989E01062991256B00420C38 /* DrinkAppUITests */ = {
			isa = PBXNativeTarget;
			buildConfigurationList = 989E01172991256B00420C38 /* Build configuration list for PBXNativeTarget "DrinkAppUITests" */;
			buildPhases = (
				989E01032991256B00420C38 /* Sources */,
				989E01042991256B00420C38 /* Frameworks */,
				989E01052991256B00420C38 /* Resources */,
			);
			buildRules = (
			);
			dependencies = (
				989E01092991256B00420C38 /* PBXTargetDependency */,
			);
			name = DrinkAppUITests;
			productName = DrinkAppUITests;
			productReference = 989E01072991256B00420C38 /* DrinkAppUITests.xctest */;
			productType = "com.apple.product-type.bundle.ui-testing";
		};
/* End PBXNativeTarget section */

/* Begin PBXProject section */
		989E00DF2991256A00420C38 /* Project object */ = {
			isa = PBXProject;
			attributes = {
				BuildIndependentTargetsInParallel = 1;
				LastSwiftUpdateCheck = 1420;
				LastUpgradeCheck = 1420;
				TargetAttributes = {
					989E00E62991256A00420C38 = {
						CreatedOnToolsVersion = 14.2;
					};
					989E00FC2991256B00420C38 = {
						CreatedOnToolsVersion = 14.2;
						TestTargetID = 989E00E62991256A00420C38;
					};
					989E01062991256B00420C38 = {
						CreatedOnToolsVersion = 14.2;
						TestTargetID = 989E00E62991256A00420C38;
					};
				};
			};
			buildConfigurationList = 989E00E22991256A00420C38 /* Build configuration list for PBXProject "DrinkApp" */;
			compatibilityVersion = "Xcode 14.0";
			developmentRegion = en;
			hasScannedForEncodings = 0;
			knownRegions = (
				en,
				Base,
			);
			mainGroup = 989E00DE2991256A00420C38;
			productRefGroup = 989E00E82991256A00420C38 /* Products */;
			projectDirPath = "";
			projectRoot = "";
			targets = (
				989E00E62991256A00420C38 /* DrinkApp */,
				989E00FC2991256B00420C38 /* DrinkAppTests */,
				989E01062991256B00420C38 /* DrinkAppUITests */,
			);
		};
/* End PBXProject section */

/* Begin PBXResourcesBuildPhase section */
		989E00E52991256A00420C38 /* Resources */ = {
			isa = PBXResourcesBuildPhase;
			buildActionMask = 2147483647;
			files = (
				989E00F72991256B00420C38 /* LaunchScreen.storyboard in Resources */,
				989E00F42991256B00420C38 /* Assets.xcassets in Resources */,
				989E011F29912BD000420C38 /* AlertListCell.xib in Resources */,
				989E00F22991256A00420C38 /* Main.storyboard in Resources */,
			);
			runOnlyForDeploymentPostprocessing = 0;
		};
		989E00FB2991256B00420C38 /* Resources */ = {
			isa = PBXResourcesBuildPhase;
			buildActionMask = 2147483647;
			files = (
			);
			runOnlyForDeploymentPostprocessing = 0;
		};
		989E01052991256B00420C38 /* Resources */ = {
			isa = PBXResourcesBuildPhase;
			buildActionMask = 2147483647;
			files = (
			);
			runOnlyForDeploymentPostprocessing = 0;
		};
/* End PBXResourcesBuildPhase section */

/* Begin PBXSourcesBuildPhase section */
		989E00E32991256A00420C38 /* Sources */ = {
			isa = PBXSourcesBuildPhase;
			buildActionMask = 2147483647;
			files = (
				989E00EB2991256A00420C38 /* AppDelegate.swift in Sources */,
				989E00ED2991256A00420C38 /* SceneDelegate.swift in Sources */,
				989E011E29912BD000420C38 /* AlertListCell.swift in Sources */,
				989E012129912F6B00420C38 /* Alert.swift in Sources */,
				989E011B29912A2200420C38 /* AlertListViewController.swift in Sources */,
				989E012329913A1600420C38 /* AddAlertViewController.swift in Sources */,
			);
			runOnlyForDeploymentPostprocessing = 0;
		};
		989E00F92991256B00420C38 /* Sources */ = {
			isa = PBXSourcesBuildPhase;
			buildActionMask = 2147483647;
			files = (
				989E01022991256B00420C38 /* DrinkAppTests.swift in Sources */,
			);
			runOnlyForDeploymentPostprocessing = 0;
		};
		989E01032991256B00420C38 /* Sources */ = {
			isa = PBXSourcesBuildPhase;
			buildActionMask = 2147483647;
			files = (
				989E010E2991256B00420C38 /* DrinkAppUITestsLaunchTests.swift in Sources */,
				989E010C2991256B00420C38 /* DrinkAppUITests.swift in Sources */,
			);
			runOnlyForDeploymentPostprocessing = 0;
		};
/* End PBXSourcesBuildPhase section */

/* Begin PBXTargetDependency section */
		989E00FF2991256B00420C38 /* PBXTargetDependency */ = {
			isa = PBXTargetDependency;
			target = 989E00E62991256A00420C38 /* DrinkApp */;
			targetProxy = 989E00FE2991256B00420C38 /* PBXContainerItemProxy */;
		};
		989E01092991256B00420C38 /* PBXTargetDependency */ = {
			isa = PBXTargetDependency;
			target = 989E00E62991256A00420C38 /* DrinkApp */;
			targetProxy = 989E01082991256B00420C38 /* PBXContainerItemProxy */;
		};
/* End PBXTargetDependency section */

/* Begin PBXVariantGroup section */
		989E00F02991256A00420C38 /* Main.storyboard */ = {
			isa = PBXVariantGroup;
			children = (
				989E00F12991256A00420C38 /* Base */,
			);
			name = Main.storyboard;
			sourceTree = "<group>";
		};
		989E00F52991256B00420C38 /* LaunchScreen.storyboard */ = {
			isa = PBXVariantGroup;
			children = (
				989E00F62991256B00420C38 /* Base */,
			);
			name = LaunchScreen.storyboard;
			sourceTree = "<group>";
		};
/* End PBXVariantGroup section */

/* Begin XCBuildConfiguration section */
		989E010F2991256B00420C38 /* Debug */ = {
			isa = XCBuildConfiguration;
			buildSettings = {
				ALWAYS_SEARCH_USER_PATHS = NO;
				CLANG_ANALYZER_NONNULL = YES;
				CLANG_ANALYZER_NUMBER_OBJECT_CONVERSION = YES_AGGRESSIVE;
				CLANG_CXX_LANGUAGE_STANDARD = "gnu++20";
				CLANG_ENABLE_MODULES = YES;
				CLANG_ENABLE_OBJC_ARC = YES;
				CLANG_ENABLE_OBJC_WEAK = YES;
				CLANG_WARN_BLOCK_CAPTURE_AUTORELEASING = YES;
				CLANG_WARN_BOOL_CONVERSION = YES;
				CLANG_WARN_COMMA = YES;
				CLANG_WARN_CONSTANT_CONVERSION = YES;
				CLANG_WARN_DEPRECATED_OBJC_IMPLEMENTATIONS = YES;
				CLANG_WARN_DIRECT_OBJC_ISA_USAGE = YES_ERROR;
				CLANG_WARN_DOCUMENTATION_COMMENTS = YES;
				CLANG_WARN_EMPTY_BODY = YES;
				CLANG_WARN_ENUM_CONVERSION = YES;
				CLANG_WARN_INFINITE_RECURSION = YES;
				CLANG_WARN_INT_CONVERSION = YES;
				CLANG_WARN_NON_LITERAL_NULL_CONVERSION = YES;
				CLANG_WARN_OBJC_IMPLICIT_RETAIN_SELF = YES;
				CLANG_WARN_OBJC_LITERAL_CONVERSION = YES;
				CLANG_WARN_OBJC_ROOT_CLASS = YES_ERROR;
				CLANG_WARN_QUOTED_INCLUDE_IN_FRAMEWORK_HEADER = YES;
				CLANG_WARN_RANGE_LOOP_ANALYSIS = YES;
				CLANG_WARN_STRICT_PROTOTYPES = YES;
				CLANG_WARN_SUSPICIOUS_MOVE = YES;
				CLANG_WARN_UNGUARDED_AVAILABILITY = YES_AGGRESSIVE;
				CLANG_WARN_UNREACHABLE_CODE = YES;
				CLANG_WARN__DUPLICATE_METHOD_MATCH = YES;
				COPY_PHASE_STRIP = NO;
				DEBUG_INFORMATION_FORMAT = dwarf;
				ENABLE_STRICT_OBJC_MSGSEND = YES;
				ENABLE_TESTABILITY = YES;
				GCC_C_LANGUAGE_STANDARD = gnu11;
				GCC_DYNAMIC_NO_PIC = NO;
				GCC_NO_COMMON_BLOCKS = YES;
				GCC_OPTIMIZATION_LEVEL = 0;
				GCC_PREPROCESSOR_DEFINITIONS = (
					"DEBUG=1",
					"$(inherited)",
				);
				GCC_WARN_64_TO_32_BIT_CONVERSION = YES;
				GCC_WARN_ABOUT_RETURN_TYPE = YES_ERROR;
				GCC_WARN_UNDECLARED_SELECTOR = YES;
				GCC_WARN_UNINITIALIZED_AUTOS = YES_AGGRESSIVE;
				GCC_WARN_UNUSED_FUNCTION = YES;
				GCC_WARN_UNUSED_VARIABLE = YES;
				IPHONEOS_DEPLOYMENT_TARGET = 16.2;
				MTL_ENABLE_DEBUG_INFO = INCLUDE_SOURCE;
				MTL_FAST_MATH = YES;
				ONLY_ACTIVE_ARCH = YES;
				SDKROOT = iphoneos;
				SWIFT_ACTIVE_COMPILATION_CONDITIONS = DEBUG;
				SWIFT_OPTIMIZATION_LEVEL = "-Onone";
			};
			name = Debug;
		};
		989E01102991256B00420C38 /* Release */ = {
			isa = XCBuildConfiguration;
			buildSettings = {
				ALWAYS_SEARCH_USER_PATHS = NO;
				CLANG_ANALYZER_NONNULL = YES;
				CLANG_ANALYZER_NUMBER_OBJECT_CONVERSION = YES_AGGRESSIVE;
				CLANG_CXX_LANGUAGE_STANDARD = "gnu++20";
				CLANG_ENABLE_MODULES = YES;
				CLANG_ENABLE_OBJC_ARC = YES;
				CLANG_ENABLE_OBJC_WEAK = YES;
				CLANG_WARN_BLOCK_CAPTURE_AUTORELEASING = YES;
				CLANG_WARN_BOOL_CONVERSION = YES;
				CLANG_WARN_COMMA = YES;
				CLANG_WARN_CONSTANT_CONVERSION = YES;
				CLANG_WARN_DEPRECATED_OBJC_IMPLEMENTATIONS = YES;
				CLANG_WARN_DIRECT_OBJC_ISA_USAGE = YES_ERROR;
				CLANG_WARN_DOCUMENTATION_COMMENTS = YES;
				CLANG_WARN_EMPTY_BODY = YES;
				CLANG_WARN_ENUM_CONVERSION = YES;
				CLANG_WARN_INFINITE_RECURSION = YES;
				CLANG_WARN_INT_CONVERSION = YES;
				CLANG_WARN_NON_LITERAL_NULL_CONVERSION = YES;
				CLANG_WARN_OBJC_IMPLICIT_RETAIN_SELF = YES;
				CLANG_WARN_OBJC_LITERAL_CONVERSION = YES;
				CLANG_WARN_OBJC_ROOT_CLASS = YES_ERROR;
				CLANG_WARN_QUOTED_INCLUDE_IN_FRAMEWORK_HEADER = YES;
				CLANG_WARN_RANGE_LOOP_ANALYSIS = YES;
				CLANG_WARN_STRICT_PROTOTYPES = YES;
				CLANG_WARN_SUSPICIOUS_MOVE = YES;
				CLANG_WARN_UNGUARDED_AVAILABILITY = YES_AGGRESSIVE;
				CLANG_WARN_UNREACHABLE_CODE = YES;
				CLANG_WARN__DUPLICATE_METHOD_MATCH = YES;
				COPY_PHASE_STRIP = NO;
				DEBUG_INFORMATION_FORMAT = "dwarf-with-dsym";
				ENABLE_NS_ASSERTIONS = NO;
				ENABLE_STRICT_OBJC_MSGSEND = YES;
				GCC_C_LANGUAGE_STANDARD = gnu11;
				GCC_NO_COMMON_BLOCKS = YES;
				GCC_WARN_64_TO_32_BIT_CONVERSION = YES;
				GCC_WARN_ABOUT_RETURN_TYPE = YES_ERROR;
				GCC_WARN_UNDECLARED_SELECTOR = YES;
				GCC_WARN_UNINITIALIZED_AUTOS = YES_AGGRESSIVE;
				GCC_WARN_UNUSED_FUNCTION = YES;
				GCC_WARN_UNUSED_VARIABLE = YES;
				IPHONEOS_DEPLOYMENT_TARGET = 16.2;
				MTL_ENABLE_DEBUG_INFO = NO;
				MTL_FAST_MATH = YES;
				SDKROOT = iphoneos;
				SWIFT_COMPILATION_MODE = wholemodule;
				SWIFT_OPTIMIZATION_LEVEL = "-O";
				VALIDATE_PRODUCT = YES;
			};
			name = Release;
		};
		989E01122991256B00420C38 /* Debug */ = {
			isa = XCBuildConfiguration;
			buildSettings = {
				ASSETCATALOG_COMPILER_APPICON_NAME = AppIcon;
				ASSETCATALOG_COMPILER_GLOBAL_ACCENT_COLOR_NAME = AccentColor;
				CODE_SIGN_STYLE = Automatic;
				CURRENT_PROJECT_VERSION = 1;
				DEVELOPMENT_TEAM = 3SP22LXNPS;
				GENERATE_INFOPLIST_FILE = YES;
				INFOPLIST_FILE = DrinkApp/Info.plist;
				INFOPLIST_KEY_UIApplicationSupportsIndirectInputEvents = YES;
				INFOPLIST_KEY_UILaunchStoryboardName = LaunchScreen;
				INFOPLIST_KEY_UIMainStoryboardFile = Main;
				INFOPLIST_KEY_UISupportedInterfaceOrientations_iPad = "UIInterfaceOrientationPortrait UIInterfaceOrientationPortraitUpsideDown UIInterfaceOrientationLandscapeLeft UIInterfaceOrientationLandscapeRight";
				INFOPLIST_KEY_UISupportedInterfaceOrientations_iPhone = "UIInterfaceOrientationPortrait UIInterfaceOrientationLandscapeLeft UIInterfaceOrientationLandscapeRight";
				LD_RUNPATH_SEARCH_PATHS = (
					"$(inherited)",
					"@executable_path/Frameworks",
				);
				MARKETING_VERSION = 1.0;
				PRODUCT_BUNDLE_IDENTIFIER = "juwon-dev.DrinkApp";
				PRODUCT_NAME = "$(TARGET_NAME)";
				SWIFT_EMIT_LOC_STRINGS = YES;
				SWIFT_VERSION = 5.0;
				TARGETED_DEVICE_FAMILY = "1,2";
			};
			name = Debug;
		};
		989E01132991256B00420C38 /* Release */ = {
			isa = XCBuildConfiguration;
			buildSettings = {
				ASSETCATALOG_COMPILER_APPICON_NAME = AppIcon;
				ASSETCATALOG_COMPILER_GLOBAL_ACCENT_COLOR_NAME = AccentColor;
				CODE_SIGN_STYLE = Automatic;
				CURRENT_PROJECT_VERSION = 1;
				DEVELOPMENT_TEAM = 3SP22LXNPS;
				GENERATE_INFOPLIST_FILE = YES;
				INFOPLIST_FILE = DrinkApp/Info.plist;
				INFOPLIST_KEY_UIApplicationSupportsIndirectInputEvents = YES;
				INFOPLIST_KEY_UILaunchStoryboardName = LaunchScreen;
				INFOPLIST_KEY_UIMainStoryboardFile = Main;
				INFOPLIST_KEY_UISupportedInterfaceOrientations_iPad = "UIInterfaceOrientationPortrait UIInterfaceOrientationPortraitUpsideDown UIInterfaceOrientationLandscapeLeft UIInterfaceOrientationLandscapeRight";
				INFOPLIST_KEY_UISupportedInterfaceOrientations_iPhone = "UIInterfaceOrientationPortrait UIInterfaceOrientationLandscapeLeft UIInterfaceOrientationLandscapeRight";
				LD_RUNPATH_SEARCH_PATHS = (
					"$(inherited)",
					"@executable_path/Frameworks",
				);
				MARKETING_VERSION = 1.0;
				PRODUCT_BUNDLE_IDENTIFIER = "juwon-dev.DrinkApp";
				PRODUCT_NAME = "$(TARGET_NAME)";
				SWIFT_EMIT_LOC_STRINGS = YES;
				SWIFT_VERSION = 5.0;
				TARGETED_DEVICE_FAMILY = "1,2";
			};
			name = Release;
		};
		989E01152991256B00420C38 /* Debug */ = {
			isa = XCBuildConfiguration;
			buildSettings = {
				ALWAYS_EMBED_SWIFT_STANDARD_LIBRARIES = YES;
				BUNDLE_LOADER = "$(TEST_HOST)";
				CODE_SIGN_STYLE = Automatic;
				CURRENT_PROJECT_VERSION = 1;
				DEVELOPMENT_TEAM = 3SP22LXNPS;
				GENERATE_INFOPLIST_FILE = YES;
				IPHONEOS_DEPLOYMENT_TARGET = 16.2;
				MARKETING_VERSION = 1.0;
				PRODUCT_BUNDLE_IDENTIFIER = "juwon-dev.DrinkAppTests";
				PRODUCT_NAME = "$(TARGET_NAME)";
				SWIFT_EMIT_LOC_STRINGS = NO;
				SWIFT_VERSION = 5.0;
				TARGETED_DEVICE_FAMILY = "1,2";
				TEST_HOST = "$(BUILT_PRODUCTS_DIR)/DrinkApp.app/$(BUNDLE_EXECUTABLE_FOLDER_PATH)/DrinkApp";
			};
			name = Debug;
		};
		989E01162991256B00420C38 /* Release */ = {
			isa = XCBuildConfiguration;
			buildSettings = {
				ALWAYS_EMBED_SWIFT_STANDARD_LIBRARIES = YES;
				BUNDLE_LOADER = "$(TEST_HOST)";
				CODE_SIGN_STYLE = Automatic;
				CURRENT_PROJECT_VERSION = 1;
				DEVELOPMENT_TEAM = 3SP22LXNPS;
				GENERATE_INFOPLIST_FILE = YES;
				IPHONEOS_DEPLOYMENT_TARGET = 16.2;
				MARKETING_VERSION = 1.0;
				PRODUCT_BUNDLE_IDENTIFIER = "juwon-dev.DrinkAppTests";
				PRODUCT_NAME = "$(TARGET_NAME)";
				SWIFT_EMIT_LOC_STRINGS = NO;
				SWIFT_VERSION = 5.0;
				TARGETED_DEVICE_FAMILY = "1,2";
				TEST_HOST = "$(BUILT_PRODUCTS_DIR)/DrinkApp.app/$(BUNDLE_EXECUTABLE_FOLDER_PATH)/DrinkApp";
			};
			name = Release;
		};
		989E01182991256B00420C38 /* Debug */ = {
			isa = XCBuildConfiguration;
			buildSettings = {
				ALWAYS_EMBED_SWIFT_STANDARD_LIBRARIES = YES;
				CODE_SIGN_STYLE = Automatic;
				CURRENT_PROJECT_VERSION = 1;
				DEVELOPMENT_TEAM = 3SP22LXNPS;
				GENERATE_INFOPLIST_FILE = YES;
				MARKETING_VERSION = 1.0;
				PRODUCT_BUNDLE_IDENTIFIER = "juwon-dev.DrinkAppUITests";
				PRODUCT_NAME = "$(TARGET_NAME)";
				SWIFT_EMIT_LOC_STRINGS = NO;
				SWIFT_VERSION = 5.0;
				TARGETED_DEVICE_FAMILY = "1,2";
				TEST_TARGET_NAME = DrinkApp;
			};
			name = Debug;
		};
		989E01192991256B00420C38 /* Release */ = {
			isa = XCBuildConfiguration;
			buildSettings = {
				ALWAYS_EMBED_SWIFT_STANDARD_LIBRARIES = YES;
				CODE_SIGN_STYLE = Automatic;
				CURRENT_PROJECT_VERSION = 1;
				DEVELOPMENT_TEAM = 3SP22LXNPS;
				GENERATE_INFOPLIST_FILE = YES;
				MARKETING_VERSION = 1.0;
				PRODUCT_BUNDLE_IDENTIFIER = "juwon-dev.DrinkAppUITests";
				PRODUCT_NAME = "$(TARGET_NAME)";
				SWIFT_EMIT_LOC_STRINGS = NO;
				SWIFT_VERSION = 5.0;
				TARGETED_DEVICE_FAMILY = "1,2";
				TEST_TARGET_NAME = DrinkApp;
			};
			name = Release;
		};
/* End XCBuildConfiguration section */

/* Begin XCConfigurationList section */
		989E00E22991256A00420C38 /* Build configuration list for PBXProject "DrinkApp" */ = {
			isa = XCConfigurationList;
			buildConfigurations = (
				989E010F2991256B00420C38 /* Debug */,
				989E01102991256B00420C38 /* Release */,
			);
			defaultConfigurationIsVisible = 0;
			defaultConfigurationName = Release;
		};
		989E01112991256B00420C38 /* Build configuration list for PBXNativeTarget "DrinkApp" */ = {
			isa = XCConfigurationList;
			buildConfigurations = (
				989E01122991256B00420C38 /* Debug */,
				989E01132991256B00420C38 /* Release */,
			);
			defaultConfigurationIsVisible = 0;
			defaultConfigurationName = Release;
		};
		989E01142991256B00420C38 /* Build configuration list for PBXNativeTarget "DrinkAppTests" */ = {
			isa = XCConfigurationList;
			buildConfigurations = (
				989E01152991256B00420C38 /* Debug */,
				989E01162991256B00420C38 /* Release */,
			);
			defaultConfigurationIsVisible = 0;
			defaultConfigurationName = Release;
		};
		989E01172991256B00420C38 /* Build configuration list for PBXNativeTarget "DrinkAppUITests" */ = {
			isa = XCConfigurationList;
			buildConfigurations = (
				989E01182991256B00420C38 /* Debug */,
				989E01192991256B00420C38 /* Release */,
			);
			defaultConfigurationIsVisible = 0;
			defaultConfigurationName = Release;
		};
/* End XCConfigurationList section */
	};
	rootObject = 989E00DF2991256A00420C38 /* Project object */;
}
